// !$*UTF8*$!
{
	archiveVersion = 1;
	classes = {
	};
	objectVersion = 77;
	objects = {

/* Begin PBXBuildFile section */
		45214F512DF08DF400634736 /* TOMLKit in Frameworks */ = {isa = PBXBuildFile; productRef = 45214F502DF08DF400634736 /* TOMLKit */; };
		45480B2C2DF34CE20032CB12 /* JudoSupport in Frameworks */ = {isa = PBXBuildFile; productRef = 45480B2B2DF34CE20032CB12 /* JudoSupport */; };
		456748A92DF0CD650017D5D6 /* Collections in Frameworks */ = {isa = PBXBuildFile; productRef = 456748A82DF0CD650017D5D6 /* Collections */; };
		456748BD2DF14F7E0017D5D6 /* SwiftTerm in Frameworks */ = {isa = PBXBuildFile; productRef = 456748BC2DF14F7E0017D5D6 /* SwiftTerm */; };
		45FF28942DEA17A900947A9B /* Everything in Frameworks */ = {isa = PBXBuildFile; productRef = 45FF28932DEA17A900947A9B /* Everything */; };
/* End PBXBuildFile section */

/* Begin PBXFileReference section */
		45ED8A872DFE35DE00908096 /* README.md */ = {isa = PBXFileReference; lastKnownFileType = net.daringfireball.markdown; path = README.md; sourceTree = "<group>"; };
		45FF28832DEA173E00947A9B /* Judo VCS.app */ = {isa = PBXFileReference; explicitFileType = wrapper.application; includeInIndex = 0; path = "Judo VCS.app"; sourceTree = BUILT_PRODUCTS_DIR; };
/* End PBXFileReference section */

/* Begin PBXFileSystemSynchronizedBuildFileExceptionSet section */
		45480B292DF34CCA0032CB12 /* Exceptions for "Packages" folder in "Judo" target */ = {
			isa = PBXFileSystemSynchronizedBuildFileExceptionSet;
			membershipExceptions = (
				JudoSupport,
			);
			target = 45FF28822DEA173E00947A9B /* Judo */;
		};
		45AFE2BA2DFDCF4C006A22EC /* Exceptions for "Judo" folder in "Judo" target */ = {
			isa = PBXFileSystemSynchronizedBuildFileExceptionSet;
			membershipExceptions = (
				Info.plist,
			);
			target = 45FF28822DEA173E00947A9B /* Judo */;
		};
/* End PBXFileSystemSynchronizedBuildFileExceptionSet section */

/* Begin PBXFileSystemSynchronizedRootGroup section */
		45480B282DF34CC90032CB12 /* Packages */ = {
			isa = PBXFileSystemSynchronizedRootGroup;
			exceptions = (
				45480B292DF34CCA0032CB12 /* Exceptions for "Packages" folder in "Judo" target */,
			);
			path = Packages;
			sourceTree = "<group>";
		};
		456D22FC2E02FC0C0069A8A0 /* Configuration */ = {
			isa = PBXFileSystemSynchronizedRootGroup;
			path = Configuration;
			sourceTree = "<group>";
		};
		45FF28852DEA173E00947A9B /* Judo */ = {
			isa = PBXFileSystemSynchronizedRootGroup;
			exceptions = (
				45AFE2BA2DFDCF4C006A22EC /* Exceptions for "Judo" folder in "Judo" target */,
			);
			path = Judo;
			sourceTree = "<group>";
		};
/* End PBXFileSystemSynchronizedRootGroup section */

/* Begin PBXFrameworksBuildPhase section */
		45FF28802DEA173E00947A9B /* Frameworks */ = {
			isa = PBXFrameworksBuildPhase;
			buildActionMask = 2147483647;
			files = (
				456748A92DF0CD650017D5D6 /* Collections in Frameworks */,
				45FF28942DEA17A900947A9B /* Everything in Frameworks */,
				456748BD2DF14F7E0017D5D6 /* SwiftTerm in Frameworks */,
				45480B2C2DF34CE20032CB12 /* JudoSupport in Frameworks */,
				45214F512DF08DF400634736 /* TOMLKit in Frameworks */,
			);
			runOnlyForDeploymentPostprocessing = 0;
		};
/* End PBXFrameworksBuildPhase section */

/* Begin PBXGroup section */
		45480B2A2DF34CE20032CB12 /* Frameworks */ = {
			isa = PBXGroup;
			children = (
			);
			name = Frameworks;
			sourceTree = "<group>";
		};
		45FF287A2DEA173E00947A9B = {
			isa = PBXGroup;
			children = (
				456D22FC2E02FC0C0069A8A0 /* Configuration */,
				45FF28852DEA173E00947A9B /* Judo */,
				45480B282DF34CC90032CB12 /* Packages */,
				45480B2A2DF34CE20032CB12 /* Frameworks */,
				45FF28842DEA173E00947A9B /* Products */,
				45ED8A872DFE35DE00908096 /* README.md */,
			);
			sourceTree = "<group>";
		};
		45FF28842DEA173E00947A9B /* Products */ = {
			isa = PBXGroup;
			children = (
				45FF28832DEA173E00947A9B /* Judo VCS.app */,
			);
			name = Products;
			sourceTree = "<group>";
		};
/* End PBXGroup section */

/* Begin PBXNativeTarget section */
		45FF28822DEA173E00947A9B /* Judo */ = {
			isa = PBXNativeTarget;
			buildConfigurationList = 45FF288F2DEA173F00947A9B /* Build configuration list for PBXNativeTarget "Judo" */;
			buildPhases = (
				45FF287F2DEA173E00947A9B /* Sources */,
				45FF28802DEA173E00947A9B /* Frameworks */,
				45FF28812DEA173E00947A9B /* Resources */,
			);
			buildRules = (
			);
			dependencies = (
			);
			fileSystemSynchronizedGroups = (
				45480B282DF34CC90032CB12 /* Packages */,
				45FF28852DEA173E00947A9B /* Judo */,
			);
			name = Judo;
			packageProductDependencies = (
				45FF28932DEA17A900947A9B /* Everything */,
				45214F502DF08DF400634736 /* TOMLKit */,
				456748A82DF0CD650017D5D6 /* Collections */,
				456748BC2DF14F7E0017D5D6 /* SwiftTerm */,
				45480B2B2DF34CE20032CB12 /* JudoSupport */,
			);
			productName = Judo;
			productReference = 45FF28832DEA173E00947A9B /* Judo VCS.app */;
			productType = "com.apple.product-type.application";
		};
/* End PBXNativeTarget section */

/* Begin PBXProject section */
		45FF287B2DEA173E00947A9B /* Project object */ = {
			isa = PBXProject;
			attributes = {
				BuildIndependentTargetsInParallel = 1;
				LastSwiftUpdateCheck = 1640;
				LastUpgradeCheck = 1640;
				TargetAttributes = {
					45FF28822DEA173E00947A9B = {
						CreatedOnToolsVersion = 16.4;
					};
				};
			};
			buildConfigurationList = 45FF287E2DEA173E00947A9B /* Build configuration list for PBXProject "Judo" */;
			developmentRegion = en;
			hasScannedForEncodings = 0;
			knownRegions = (
				en,
				Base,
			);
			mainGroup = 45FF287A2DEA173E00947A9B;
			minimizedProjectReferenceProxies = 1;
			packageReferences = (
				45FF28922DEA17A900947A9B /* XCRemoteSwiftPackageReference "Everything" */,
				45214F4F2DF08DF400634736 /* XCRemoteSwiftPackageReference "TOMLKit" */,
				456748A72DF0CD650017D5D6 /* XCRemoteSwiftPackageReference "swift-collections" */,
				456748BB2DF14F7E0017D5D6 /* XCRemoteSwiftPackageReference "SwiftTerm" */,
			);
			preferredProjectObjectVersion = 77;
			productRefGroup = 45FF28842DEA173E00947A9B /* Products */;
			projectDirPath = "";
			projectRoot = "";
			targets = (
				45FF28822DEA173E00947A9B /* Judo */,
			);
		};
/* End PBXProject section */

/* Begin PBXResourcesBuildPhase section */
		45FF28812DEA173E00947A9B /* Resources */ = {
			isa = PBXResourcesBuildPhase;
			buildActionMask = 2147483647;
			files = (
			);
			runOnlyForDeploymentPostprocessing = 0;
		};
/* End PBXResourcesBuildPhase section */

/* Begin PBXSourcesBuildPhase section */
		45FF287F2DEA173E00947A9B /* Sources */ = {
			isa = PBXSourcesBuildPhase;
			buildActionMask = 2147483647;
			files = (
			);
			runOnlyForDeploymentPostprocessing = 0;
		};
/* End PBXSourcesBuildPhase section */

/* Begin XCBuildConfiguration section */
		45FF288D2DEA173F00947A9B /* Debug */ = {
			isa = XCBuildConfiguration;
			baseConfigurationReferenceAnchor = 456D22FC2E02FC0C0069A8A0 /* Configuration */;
			baseConfigurationReferenceRelativePath = "Project-Debug.xcconfig";
			buildSettings = {
				DEVELOPMENT_TEAM = 6E23EP94PG;
			};
			name = Debug;
		};
		45FF288E2DEA173F00947A9B /* Release */ = {
			isa = XCBuildConfiguration;
			baseConfigurationReferenceAnchor = 456D22FC2E02FC0C0069A8A0 /* Configuration */;
			baseConfigurationReferenceRelativePath = "Project-Release.xcconfig";
			buildSettings = {
				DEVELOPMENT_TEAM = 6E23EP94PG;
			};
			name = Release;
		};
		45FF28902DEA173F00947A9B /* Debug */ = {
			isa = XCBuildConfiguration;
			baseConfigurationReferenceAnchor = 456D22FC2E02FC0C0069A8A0 /* Configuration */;
			baseConfigurationReferenceRelativePath = "Judo-Debug.xcconfig";
			buildSettings = {
			};
			name = Debug;
		};
		45FF28912DEA173F00947A9B /* Release */ = {
			isa = XCBuildConfiguration;
			baseConfigurationReferenceAnchor = 456D22FC2E02FC0C0069A8A0 /* Configuration */;
			baseConfigurationReferenceRelativePath = "Judo-Release.xcconfig";
			buildSettings = {
			};
			name = Release;
		};
/* End XCBuildConfiguration section */

/* Begin XCConfigurationList section */
		45FF287E2DEA173E00947A9B /* Build configuration list for PBXProject "Judo" */ = {
			isa = XCConfigurationList;
			buildConfigurations = (
				45FF288D2DEA173F00947A9B /* Debug */,
				45FF288E2DEA173F00947A9B /* Release */,
			);
			defaultConfigurationIsVisible = 0;
			defaultConfigurationName = Release;
		};
		45FF288F2DEA173F00947A9B /* Build configuration list for PBXNativeTarget "Judo" */ = {
			isa = XCConfigurationList;
			buildConfigurations = (
				45FF28902DEA173F00947A9B /* Debug */,
				45FF28912DEA173F00947A9B /* Release */,
			);
			defaultConfigurationIsVisible = 0;
			defaultConfigurationName = Release;
		};
/* End XCConfigurationList section */

/* Begin XCRemoteSwiftPackageReference section */
		45214F4F2DF08DF400634736 /* XCRemoteSwiftPackageReference "TOMLKit" */ = {
			isa = XCRemoteSwiftPackageReference;
			repositoryURL = "https://github.com/LebJe/TOMLKit.git";
			requirement = {
				kind = upToNextMajorVersion;
				minimumVersion = 0.6.0;
			};
		};
		456748A72DF0CD650017D5D6 /* XCRemoteSwiftPackageReference "swift-collections" */ = {
			isa = XCRemoteSwiftPackageReference;
			repositoryURL = "https://github.com/apple/swift-collections.git";
			requirement = {
				kind = upToNextMajorVersion;
				minimumVersion = 1.2.0;
			};
		};
		456748BB2DF14F7E0017D5D6 /* XCRemoteSwiftPackageReference "SwiftTerm" */ = {
			isa = XCRemoteSwiftPackageReference;
			repositoryURL = "https://github.com/migueldeicaza/SwiftTerm";
			requirement = {
				kind = upToNextMajorVersion;
				minimumVersion = 1.2.5;
			};
		};
		45FF28922DEA17A900947A9B /* XCRemoteSwiftPackageReference "Everything" */ = {
			isa = XCRemoteSwiftPackageReference;
			repositoryURL = "https://github.com/schwa/Everything";
			requirement = {
				kind = upToNextMajorVersion;
				minimumVersion = 1.2.0;
			};
		};
/* End XCRemoteSwiftPackageReference section */

/* Begin XCSwiftPackageProductDependency section */
		45214F502DF08DF400634736 /* TOMLKit */ = {
			isa = XCSwiftPackageProductDependency;
			package = 45214F4F2DF08DF400634736 /* XCRemoteSwiftPackageReference "TOMLKit" */;
			productName = TOMLKit;
		};
		45480B2B2DF34CE20032CB12 /* JudoSupport */ = {
			isa = XCSwiftPackageProductDependency;
			productName = JudoSupport;
		};
		456748A82DF0CD650017D5D6 /* Collections */ = {
			isa = XCSwiftPackageProductDependency;
			package = 456748A72DF0CD650017D5D6 /* XCRemoteSwiftPackageReference "swift-collections" */;
			productName = Collections;
		};
		456748BC2DF14F7E0017D5D6 /* SwiftTerm */ = {
			isa = XCSwiftPackageProductDependency;
			package = 456748BB2DF14F7E0017D5D6 /* XCRemoteSwiftPackageReference "SwiftTerm" */;
			productName = SwiftTerm;
		};
		45FF28932DEA17A900947A9B /* Everything */ = {
			isa = XCSwiftPackageProductDependency;
			package = 45FF28922DEA17A900947A9B /* XCRemoteSwiftPackageReference "Everything" */;
			productName = Everything;
		};
/* End XCSwiftPackageProductDependency section */
	};
	rootObject = 45FF287B2DEA173E00947A9B /* Project object */;
}
